
Microsoft Visual Studio Solution File, Format Version 12.00
# Visual Studio Version 16
VisualStudioVersion = 16.0.30717.126
MinimumVisualStudioVersion = 10.0.40219.1
Project("{9A19103F-16F7-4668-BE54-9A1E7A4F7556}") = "RecursivePatterns", "RecursivePatterns\RecursivePatterns.csproj", "{B9CCAA8E-E402-498B-9603-A77E0D193A6C}"
EndProject
Project("{2150E333-8FDC-42A3-9474-1A3956D46DE8}") = "Solution Items", "Solution Items", "{EB33D18E-66F6-486B-B066-136F4D070248}"
	ProjectSection(SolutionItems) = preProject
		readme.md = readme.md
	EndProjectSection
EndProject
Project("{9A19103F-16F7-4668-BE54-9A1E7A4F7556}") = "new-expression", "new-expressions\new-expression.csproj", "{6B919A1A-C5B4-4B1E-861B-E3C8FBD61EA3}"
EndProject
Global
	GlobalSection(SolutionConfigurationPlatforms) = preSolution
		Debug|Any CPU = Debug|Any CPU
		Release|Any CPU = Release|Any CPU
	EndGlobalSection
	GlobalSection(ProjectConfigurationPlatforms) = postSolution
		{B9CCAA8E-E402-498B-9603-A77E0D193A6C}.Debug|Any CPU.ActiveCfg = Debug|Any CPU
		{B9CCAA8E-E402-498B-9603-A77E0D193A6C}.Debug|Any CPU.Build.0 = Debug|Any CPU
		{B9CCAA8E-E402-498B-9603-A77E0D193A6C}.Release|Any CPU.ActiveCfg = Release|Any CPU
		{B9CCAA8E-E402-498B-9603-A77E0D193A6C}.Release|Any CPU.Build.0 = Release|Any CPU
		{6B919A1A-C5B4-4B1E-861B-E3C8FBD61EA3}.Debug|Any CPU.ActiveCfg = Debug|Any CPU
		{6B919A1A-C5B4-4B1E-861B-E3C8FBD61EA3}.Debug|Any CPU.Build.0 = Debug|Any CPU
		{6B919A1A-C5B4-4B1E-861B-E3C8FBD61EA3}.Release|Any CPU.ActiveCfg = Release|Any CPU
		{6B919A1A-C5B4-4B1E-861B-E3C8FBD61EA3}.Release|Any CPU.Build.0 = Release|Any CPU
	EndGlobalSection
	GlobalSection(SolutionProperties) = preSolution
		HideSolutionNode = FALSE
	EndGlobalSection
	GlobalSection(ExtensibilityGlobals) = postSolution
		SolutionGuid = {C03FED31-47C8-4D1D-BCF5-C77EFDBA54AE}
	EndGlobalSection
EndGlobal
