
Microsoft Visual Studio Solution File, Format Version 12.00
# Visual Studio Version 16
VisualStudioVersion = 16.0.30717.126
MinimumVisualStudioVersion = 10.0.40219.1
Project("{9A19103F-16F7-4668-BE54-9A1E7A4F7556}") = "RecursivePatterns", "RecursivePatterns\RecursivePatterns.csproj", "{B9CCAA8E-E402-498B-9603-A77E0D193A6C}"
EndProject
Project("{2150E333-8FDC-42A3-9474-1A3956D46DE8}") = "Solution Items", "Solution Items", "{EB33D18E-66F6-486B-B066-136F4D070248}"
	ProjectSection(SolutionItems) = preProject
		readme.md = readme.md
	EndProjectSection
EndProject
Project("{9A19103F-16F7-4668-BE54-9A1E7A4F7556}") = "new-expression", "new-expressions\new-expression.csproj", "{6B919A1A-C5B4-4B1E-861B-E3C8FBD61EA3}"
EndProject
Project("{2150E333-8FDC-42A3-9474-1A3956D46DE8}") = "Forum question only", "Forum question only", "{FAE01675-7EEE-445D-81FC-DC6364D160AD}"
EndProject
Project("{9A19103F-16F7-4668-BE54-9A1E7A4F7556}") = "Relational-Pattern-Matching", "Relational-Pattern-Matching\Relational-Pattern-Matching.csproj", "{0C96179A-72BF-44BA-85E5-EFE71AD87544}"
EndProject
Project("{9A19103F-16F7-4668-BE54-9A1E7A4F7556}") = "Async-Enumerables", "Async-Enumerables\Async-Enumerables.csproj", "{4343B29E-15FB-4460-AC71-C124984EADC6}"
EndProject
Project("{9A19103F-16F7-4668-BE54-9A1E7A4F7556}") = "Ranges-examples", "Ranges-examples\Ranges-examples.csproj", "{4BB62732-60C7-48EE-A7E5-2F260A845069}"
EndProject
Project("{2150E333-8FDC-42A3-9474-1A3956D46DE8}") = "Class projects", "Class projects", "{3C246579-C520-4BC8-8D46-869CE1D9B99E}"
EndProject
Project("{9A19103F-16F7-4668-BE54-9A1E7A4F7556}") = "ExtensionsLibrary", "ExtensionsLibrary\ExtensionsLibrary.csproj", "{4CED555A-96F1-4DC8-9632-4A1CD4985510}"
EndProject
Project("{9A19103F-16F7-4668-BE54-9A1E7A4F7556}") = "EntityCoreExtensions", "EntityCoreExtensions\EntityCoreExtensions.csproj", "{72424C64-676D-436D-BA52-C9FA34172E71}"
EndProject
Project("{9A19103F-16F7-4668-BE54-9A1E7A4F7556}") = "AppPaths", "AppPaths\AppPaths.csproj", "{4E76D239-5470-4867-B244-F755E950F8E0}"
EndProject
Project("{9A19103F-16F7-4668-BE54-9A1E7A4F7556}") = "WithExpressionsApp", "WithExpressionsApp\WithExpressionsApp.csproj", "{EC8468C9-5595-4308-82DB-C51A6AF0E686}"
EndProject
Project("{9A19103F-16F7-4668-BE54-9A1E7A4F7556}") = "ConsoleHelpers", "ConsoleHelpers\ConsoleHelpers.csproj", "{9F9FCFFF-F671-4C9E-89B1-341C4D563EE5}"
EndProject
Project("{FAE04EC0-301F-11D3-BF4B-00C04F79EFBC}") = "ImageHelpers", "ImageHelpers\ImageHelpers.csproj", "{2C0B81AC-6C98-4892-946B-18290732A73C}"
EndProject
Project("{FAE04EC0-301F-11D3-BF4B-00C04F79EFBC}") = "ImageConverterSample", "ImageConverterSample\ImageConverterSample.csproj", "{E7B1FEA0-BAC6-4FE4-9F90-125ED78F2B70}"
EndProject
Global
	GlobalSection(SolutionConfigurationPlatforms) = preSolution
		Debug|Any CPU = Debug|Any CPU
		Release|Any CPU = Release|Any CPU
	EndGlobalSection
	GlobalSection(ProjectConfigurationPlatforms) = postSolution
		{B9CCAA8E-E402-498B-9603-A77E0D193A6C}.Debug|Any CPU.ActiveCfg = Debug|Any CPU
		{B9CCAA8E-E402-498B-9603-A77E0D193A6C}.Debug|Any CPU.Build.0 = Debug|Any CPU
		{B9CCAA8E-E402-498B-9603-A77E0D193A6C}.Release|Any CPU.ActiveCfg = Release|Any CPU
		{B9CCAA8E-E402-498B-9603-A77E0D193A6C}.Release|Any CPU.Build.0 = Release|Any CPU
		{6B919A1A-C5B4-4B1E-861B-E3C8FBD61EA3}.Debug|Any CPU.ActiveCfg = Debug|Any CPU
		{6B919A1A-C5B4-4B1E-861B-E3C8FBD61EA3}.Debug|Any CPU.Build.0 = Debug|Any CPU
		{6B919A1A-C5B4-4B1E-861B-E3C8FBD61EA3}.Release|Any CPU.ActiveCfg = Release|Any CPU
		{6B919A1A-C5B4-4B1E-861B-E3C8FBD61EA3}.Release|Any CPU.Build.0 = Release|Any CPU
		{0C96179A-72BF-44BA-85E5-EFE71AD87544}.Debug|Any CPU.ActiveCfg = Debug|Any CPU
		{0C96179A-72BF-44BA-85E5-EFE71AD87544}.Debug|Any CPU.Build.0 = Debug|Any CPU
		{0C96179A-72BF-44BA-85E5-EFE71AD87544}.Release|Any CPU.ActiveCfg = Release|Any CPU
		{0C96179A-72BF-44BA-85E5-EFE71AD87544}.Release|Any CPU.Build.0 = Release|Any CPU
		{4343B29E-15FB-4460-AC71-C124984EADC6}.Debug|Any CPU.ActiveCfg = Debug|Any CPU
		{4343B29E-15FB-4460-AC71-C124984EADC6}.Debug|Any CPU.Build.0 = Debug|Any CPU
		{4343B29E-15FB-4460-AC71-C124984EADC6}.Release|Any CPU.ActiveCfg = Release|Any CPU
		{4343B29E-15FB-4460-AC71-C124984EADC6}.Release|Any CPU.Build.0 = Release|Any CPU
		{4BB62732-60C7-48EE-A7E5-2F260A845069}.Debug|Any CPU.ActiveCfg = Debug|Any CPU
		{4BB62732-60C7-48EE-A7E5-2F260A845069}.Debug|Any CPU.Build.0 = Debug|Any CPU
		{4BB62732-60C7-48EE-A7E5-2F260A845069}.Release|Any CPU.ActiveCfg = Release|Any CPU
		{4BB62732-60C7-48EE-A7E5-2F260A845069}.Release|Any CPU.Build.0 = Release|Any CPU
		{4CED555A-96F1-4DC8-9632-4A1CD4985510}.Debug|Any CPU.ActiveCfg = Debug|Any CPU
		{4CED555A-96F1-4DC8-9632-4A1CD4985510}.Debug|Any CPU.Build.0 = Debug|Any CPU
		{4CED555A-96F1-4DC8-9632-4A1CD4985510}.Release|Any CPU.ActiveCfg = Release|Any CPU
		{4CED555A-96F1-4DC8-9632-4A1CD4985510}.Release|Any CPU.Build.0 = Release|Any CPU
		{72424C64-676D-436D-BA52-C9FA34172E71}.Debug|Any CPU.ActiveCfg = Debug|Any CPU
		{72424C64-676D-436D-BA52-C9FA34172E71}.Debug|Any CPU.Build.0 = Debug|Any CPU
		{72424C64-676D-436D-BA52-C9FA34172E71}.Release|Any CPU.ActiveCfg = Release|Any CPU
		{72424C64-676D-436D-BA52-C9FA34172E71}.Release|Any CPU.Build.0 = Release|Any CPU
		{4E76D239-5470-4867-B244-F755E950F8E0}.Debug|Any CPU.ActiveCfg = Debug|Any CPU
		{4E76D239-5470-4867-B244-F755E950F8E0}.Debug|Any CPU.Build.0 = Debug|Any CPU
		{4E76D239-5470-4867-B244-F755E950F8E0}.Release|Any CPU.ActiveCfg = Release|Any CPU
		{4E76D239-5470-4867-B244-F755E950F8E0}.Release|Any CPU.Build.0 = Release|Any CPU
		{EC8468C9-5595-4308-82DB-C51A6AF0E686}.Debug|Any CPU.ActiveCfg = Debug|Any CPU
		{EC8468C9-5595-4308-82DB-C51A6AF0E686}.Debug|Any CPU.Build.0 = Debug|Any CPU
		{EC8468C9-5595-4308-82DB-C51A6AF0E686}.Release|Any CPU.ActiveCfg = Release|Any CPU
		{EC8468C9-5595-4308-82DB-C51A6AF0E686}.Release|Any CPU.Build.0 = Release|Any CPU
		{9F9FCFFF-F671-4C9E-89B1-341C4D563EE5}.Debug|Any CPU.ActiveCfg = Debug|Any CPU
		{9F9FCFFF-F671-4C9E-89B1-341C4D563EE5}.Debug|Any CPU.Build.0 = Debug|Any CPU
		{9F9FCFFF-F671-4C9E-89B1-341C4D563EE5}.Release|Any CPU.ActiveCfg = Release|Any CPU
		{9F9FCFFF-F671-4C9E-89B1-341C4D563EE5}.Release|Any CPU.Build.0 = Release|Any CPU
		{2C0B81AC-6C98-4892-946B-18290732A73C}.Debug|Any CPU.ActiveCfg = Debug|Any CPU
		{2C0B81AC-6C98-4892-946B-18290732A73C}.Debug|Any CPU.Build.0 = Debug|Any CPU
		{2C0B81AC-6C98-4892-946B-18290732A73C}.Release|Any CPU.ActiveCfg = Release|Any CPU
		{2C0B81AC-6C98-4892-946B-18290732A73C}.Release|Any CPU.Build.0 = Release|Any CPU
		{E7B1FEA0-BAC6-4FE4-9F90-125ED78F2B70}.Debug|Any CPU.ActiveCfg = Debug|Any CPU
		{E7B1FEA0-BAC6-4FE4-9F90-125ED78F2B70}.Debug|Any CPU.Build.0 = Debug|Any CPU
		{E7B1FEA0-BAC6-4FE4-9F90-125ED78F2B70}.Release|Any CPU.ActiveCfg = Release|Any CPU
		{E7B1FEA0-BAC6-4FE4-9F90-125ED78F2B70}.Release|Any CPU.Build.0 = Release|Any CPU
	EndGlobalSection
	GlobalSection(SolutionProperties) = preSolution
		HideSolutionNode = FALSE
	EndGlobalSection
	GlobalSection(NestedProjects) = preSolution
		{4CED555A-96F1-4DC8-9632-4A1CD4985510} = {3C246579-C520-4BC8-8D46-869CE1D9B99E}
		{72424C64-676D-436D-BA52-C9FA34172E71} = {3C246579-C520-4BC8-8D46-869CE1D9B99E}
		{9F9FCFFF-F671-4C9E-89B1-341C4D563EE5} = {3C246579-C520-4BC8-8D46-869CE1D9B99E}
		{2C0B81AC-6C98-4892-946B-18290732A73C} = {3C246579-C520-4BC8-8D46-869CE1D9B99E}
		{E7B1FEA0-BAC6-4FE4-9F90-125ED78F2B70} = {FAE01675-7EEE-445D-81FC-DC6364D160AD}
	EndGlobalSection
	GlobalSection(ExtensibilityGlobals) = postSolution
		SolutionGuid = {C03FED31-47C8-4D1D-BCF5-C77EFDBA54AE}
	EndGlobalSection
EndGlobal
