
Microsoft Visual Studio Solution File, Format Version 12.00
# Visual Studio Version 16
VisualStudioVersion = 16.0.30717.126
MinimumVisualStudioVersion = 10.0.40219.1
Project("{9A19103F-16F7-4668-BE54-9A1E7A4F7556}") = "RecursivePatterns", "RecursivePatterns\RecursivePatterns.csproj", "{B9CCAA8E-E402-498B-9603-A77E0D193A6C}"
EndProject
Project("{2150E333-8FDC-42A3-9474-1A3956D46DE8}") = "Solution Items", "Solution Items", "{EB33D18E-66F6-486B-B066-136F4D070248}"
	ProjectSection(SolutionItems) = preProject
		.editorconfig = .editorconfig
		readme.md = readme.md
	EndProjectSection
EndProject
Project("{9A19103F-16F7-4668-BE54-9A1E7A4F7556}") = "new-expression", "new-expressions\new-expression.csproj", "{6B919A1A-C5B4-4B1E-861B-E3C8FBD61EA3}"
EndProject
Project("{2150E333-8FDC-42A3-9474-1A3956D46DE8}") = "Forum question only", "Forum question only", "{FAE01675-7EEE-445D-81FC-DC6364D160AD}"
EndProject
Project("{9A19103F-16F7-4668-BE54-9A1E7A4F7556}") = "Relational-Pattern-Matching", "Relational-Pattern-Matching\Relational-Pattern-Matching.csproj", "{0C96179A-72BF-44BA-85E5-EFE71AD87544}"
EndProject
Project("{9A19103F-16F7-4668-BE54-9A1E7A4F7556}") = "Async-Enumerables", "Async-Enumerables\Async-Enumerables.csproj", "{4343B29E-15FB-4460-AC71-C124984EADC6}"
EndProject
Project("{9A19103F-16F7-4668-BE54-9A1E7A4F7556}") = "Ranges-examples", "Ranges-examples\Ranges-examples.csproj", "{4BB62732-60C7-48EE-A7E5-2F260A845069}"
EndProject
Project("{2150E333-8FDC-42A3-9474-1A3956D46DE8}") = "Class projects", "Class projects", "{3C246579-C520-4BC8-8D46-869CE1D9B99E}"
EndProject
Project("{9A19103F-16F7-4668-BE54-9A1E7A4F7556}") = "ExtensionsLibrary", "ExtensionsLibrary\ExtensionsLibrary.csproj", "{4CED555A-96F1-4DC8-9632-4A1CD4985510}"
EndProject
Project("{9A19103F-16F7-4668-BE54-9A1E7A4F7556}") = "EntityCoreExtensions", "EntityCoreExtensions\EntityCoreExtensions.csproj", "{72424C64-676D-436D-BA52-C9FA34172E71}"
EndProject
Project("{9A19103F-16F7-4668-BE54-9A1E7A4F7556}") = "AppPaths", "AppPaths\AppPaths.csproj", "{4E76D239-5470-4867-B244-F755E950F8E0}"
EndProject
Project("{9A19103F-16F7-4668-BE54-9A1E7A4F7556}") = "WithExpressionsApp", "WithExpressionsApp\WithExpressionsApp.csproj", "{EC8468C9-5595-4308-82DB-C51A6AF0E686}"
EndProject
Project("{9A19103F-16F7-4668-BE54-9A1E7A4F7556}") = "ConsoleHelpers", "ConsoleHelpers\ConsoleHelpers.csproj", "{9F9FCFFF-F671-4C9E-89B1-341C4D563EE5}"
EndProject
Project("{9A19103F-16F7-4668-BE54-9A1E7A4F7556}") = "ExceptionHandling", "ExceptionHandling\ExceptionHandling.csproj", "{B58F5125-0C2A-48A7-9ABC-C1C64ED53E1B}"
EndProject
Project("{9A19103F-16F7-4668-BE54-9A1E7A4F7556}") = "ConfigurationHelper", "ConfigurationHelper\ConfigurationHelper.csproj", "{EB37E9AD-DD74-4361-A391-A09521370070}"
EndProject
Project("{9A19103F-16F7-4668-BE54-9A1E7A4F7556}") = "SecurityHelper", "SecurityHelper\SecurityHelper.csproj", "{4ED86144-A69A-466B-80C3-85800032B6D4}"
EndProject
Project("{9A19103F-16F7-4668-BE54-9A1E7A4F7556}") = "SchoolDatabase", "SchoolDatabase\SchoolDatabase.csproj", "{C8EBD4F4-5C87-4D9D-9DD9-F623241A41FA}"
EndProject
Project("{9A19103F-16F7-4668-BE54-9A1E7A4F7556}") = "SchoolResetChanges", "SchoolResetChanges\SchoolResetChanges.csproj", "{6691EE51-F650-4F67-A6D2-8D54DC5C1121}"
EndProject
Project("{2150E333-8FDC-42A3-9474-1A3956D46DE8}") = "Holiday", "Holiday", "{183DC8DF-6F21-4999-86D0-9A1913310F55}"
EndProject
Project("{9A19103F-16F7-4668-BE54-9A1E7A4F7556}") = "HoHoHo", "HoHoHo\HoHoHo.csproj", "{4DCF3D00-88EB-45A6-8FD0-6E7854211D81}"
EndProject
Project("{2150E333-8FDC-42A3-9474-1A3956D46DE8}") = "Switch expression", "Switch expression", "{71D633FC-91E8-4C0B-9F1E-E03E127BDA25}"
EndProject
Project("{9A19103F-16F7-4668-BE54-9A1E7A4F7556}") = "SwitchExpressions_efcore", "Switches_efcore\SwitchExpressions_efcore.csproj", "{1FF8ADD2-3DFB-4202-A47A-CB85797BB15A}"
EndProject
Project("{9A19103F-16F7-4668-BE54-9A1E7A4F7556}") = "SwitchExpressions_basics", "SwitchExpressions_basics\SwitchExpressions_basics.csproj", "{F8A71B59-AA5C-46B7-A650-B7D506634BCA}"
EndProject
Project("{9A19103F-16F7-4668-BE54-9A1E7A4F7556}") = "WpfApplicationListViewImage", "WpfApplication1\WpfApplicationListViewImage.csproj", "{D6E4AD76-88EB-45A5-ADB4-128FD64B74D8}"
EndProject
Project("{9A19103F-16F7-4668-BE54-9A1E7A4F7556}") = "DeconstructPerson", "ConsoleAppTemp\DeconstructPerson.csproj", "{265D17DC-B34F-4EFB-B7B7-ED9FB4D181B2}"
EndProject
Project("{778DAE3C-4631-46EA-AA77-85C1314464D9}") = "ConsoleApp_vb", "ConsoleApp_vb\ConsoleApp_vb.vbproj", "{29DCB69B-E92D-492B-AC3E-614EAAE5F2C1}"
EndProject
Project("{778DAE3C-4631-46EA-AA77-85C1314464D9}") = "WinFormsAppILogger", "WinFormsAppILogger\WinFormsAppILogger.vbproj", "{703DBFF8-00B0-4DB0-ABC2-02C9DC4C0630}"
EndProject
Project("{9A19103F-16F7-4668-BE54-9A1E7A4F7556}") = "ThreadExceptionWindowsFormsApp", "ThreadExceptionWindowsFormsApp\ThreadExceptionWindowsFormsApp.csproj", "{C56BE45D-C959-4C69-869F-C80F2BCBEB9D}"
EndProject
Project("{9A19103F-16F7-4668-BE54-9A1E7A4F7556}") = "RadioButtonBinding", "RadioButtonBinding\RadioButtonBinding.csproj", "{93C68F24-62FA-4A50-8B31-F9A286FB7208}"
EndProject
Project("{9A19103F-16F7-4668-BE54-9A1E7A4F7556}") = "ConsoleAppExample", "ConsoleAppExample\ConsoleAppExample.csproj", "{DDBA11FB-3656-4A55-9595-E8E5AC8FC145}"
EndProject
Project("{2150E333-8FDC-42A3-9474-1A3956D46DE8}") = "Null attribute", "Null attribute", "{1421FA76-1536-4829-B9D3-C94E926FE8B3}"
EndProject
Project("{9A19103F-16F7-4668-BE54-9A1E7A4F7556}") = "WorkingWithNull", "WorkingWithNull\WorkingWithNull.csproj", "{2F527D0F-3725-4A49-B23B-FD00A69ABA6C}"
EndProject
Project("{2150E333-8FDC-42A3-9474-1A3956D46DE8}") = "Misc", "Misc", "{518C84FE-5F56-4232-BC7D-3CDDD558E784}"
EndProject
Project("{9A19103F-16F7-4668-BE54-9A1E7A4F7556}") = "TraceMessagesConsole", "TraceMessagesConsole\TraceMessagesConsole.csproj", "{CB959052-D5CB-4A53-A74D-C4B0FFA85BB5}"
EndProject
Project("{2150E333-8FDC-42A3-9474-1A3956D46DE8}") = "WPF", "WPF", "{9EC93B4F-97DD-4B40-9ADA-AC58AB3D18DE}"
EndProject
Project("{FAE04EC0-301F-11D3-BF4B-00C04F79EFBC}") = "WpfCommandBinding", "WpfCommandBinding\WpfCommandBinding.csproj", "{36962043-13D0-4AC0-8C41-945B83EA4FA6}"
EndProject
Project("{FAE04EC0-301F-11D3-BF4B-00C04F79EFBC}") = "ClearControlsWindowsForms", "ClearControlsWindowsForms\ClearControlsWindowsForms.csproj", "{0DD5D438-67B5-47D1-97CC-7F90E4427D72}"
EndProject
Project("{FAE04EC0-301F-11D3-BF4B-00C04F79EFBC}") = "CreateDynamicTextBoxes", "..\..\CreateDynamicButtons\CreateDynamicTextBoxes.csproj", "{F314C0EE-99BE-4AC8-B475-E57651695B75}"
EndProject
Project("{FAE04EC0-301F-11D3-BF4B-00C04F79EFBC}") = "CreateDynamicControls", "CreateDynamicControls\CreateDynamicControls.csproj", "{B09FA7C0-E3C2-4DDD-A7CC-8D7046A1041A}"
EndProject
Project("{9A19103F-16F7-4668-BE54-9A1E7A4F7556}") = "ConsoleApp1", "ConsoleApp1\ConsoleApp1.csproj", "{FF209615-EDCA-462F-8F61-D3B1E31EC38D}"
EndProject
Project("{9A19103F-16F7-4668-BE54-9A1E7A4F7556}") = "ParsingArray", "ParsingArray\ParsingArray.csproj", "{CAFC94DC-FF71-4DE3-97FF-8DBC0D001C2B}"
EndProject
Project("{2150E333-8FDC-42A3-9474-1A3956D46DE8}") = "Framework 4.8", "Framework 4.8", "{EE7FC863-5F38-4D0D-8170-189D9821B369}"
EndProject
Project("{FAE04EC0-301F-11D3-BF4B-00C04F79EFBC}") = "WinControls", "WinControls\WinControls.csproj", "{5C847B2C-0971-4D78-A81C-47E51DAAFE4F}"
EndProject
Project("{FAE04EC0-301F-11D3-BF4B-00C04F79EFBC}") = "WinControlsTest", "WinControlsTest\WinControlsTest.csproj", "{D84CF79B-A3E0-49F9-AD67-488B4379BC49}"
EndProject
Project("{FAE04EC0-301F-11D3-BF4B-00C04F79EFBC}") = "SqlServerAsyncRead", "SqlServerAsyncRead\SqlServerAsyncRead.csproj", "{E883E0CE-608F-4362-A01A-446CAD294B5E}"
EndProject
Project("{9A19103F-16F7-4668-BE54-9A1E7A4F7556}") = "ChangeFileExtensions", "ChangeFileExtensions\ChangeFileExtensions.csproj", "{74932A55-7584-446B-8290-94E0C7A9F54D}"
EndProject
Project("{F184B08F-C81C-45F6-A57F-5ABD9991F28F}") = "CustomList", "CustomList\CustomList.vbproj", "{AD229FB6-8D8B-4209-9FBD-BF5ADE95C921}"
EndProject
Project("{9A19103F-16F7-4668-BE54-9A1E7A4F7556}") = "WinControlsCore", "WinControlsCore\WinControlsCore.csproj", "{13365845-2DBF-4143-BF0F-AD01382F9F19}"
EndProject
Project("{FAE04EC0-301F-11D3-BF4B-00C04F79EFBC}") = "ConsoleReadLineTimeOut", "ConsoleReadLineTimeOut\ConsoleReadLineTimeOut.csproj", "{115F324E-C1FC-4C54-9662-A08BE27E637D}"
EndProject
Project("{FAE04EC0-301F-11D3-BF4B-00C04F79EFBC}") = "ConsoleReadLineTimeOut1", "ConsoleReadLineTimeOut1\ConsoleReadLineTimeOut1.csproj", "{FE7F30A2-5EE6-4F26-A525-34FB28D8195D}"
EndProject
Global
	GlobalSection(SolutionConfigurationPlatforms) = preSolution
		Debug|Any CPU = Debug|Any CPU
		Release|Any CPU = Release|Any CPU
	EndGlobalSection
	GlobalSection(ProjectConfigurationPlatforms) = postSolution
		{B9CCAA8E-E402-498B-9603-A77E0D193A6C}.Debug|Any CPU.ActiveCfg = Debug|Any CPU
		{B9CCAA8E-E402-498B-9603-A77E0D193A6C}.Debug|Any CPU.Build.0 = Debug|Any CPU
		{B9CCAA8E-E402-498B-9603-A77E0D193A6C}.Release|Any CPU.ActiveCfg = Release|Any CPU
		{B9CCAA8E-E402-498B-9603-A77E0D193A6C}.Release|Any CPU.Build.0 = Release|Any CPU
		{6B919A1A-C5B4-4B1E-861B-E3C8FBD61EA3}.Debug|Any CPU.ActiveCfg = Debug|Any CPU
		{6B919A1A-C5B4-4B1E-861B-E3C8FBD61EA3}.Debug|Any CPU.Build.0 = Debug|Any CPU
		{6B919A1A-C5B4-4B1E-861B-E3C8FBD61EA3}.Release|Any CPU.ActiveCfg = Release|Any CPU
		{6B919A1A-C5B4-4B1E-861B-E3C8FBD61EA3}.Release|Any CPU.Build.0 = Release|Any CPU
		{0C96179A-72BF-44BA-85E5-EFE71AD87544}.Debug|Any CPU.ActiveCfg = Debug|Any CPU
		{0C96179A-72BF-44BA-85E5-EFE71AD87544}.Debug|Any CPU.Build.0 = Debug|Any CPU
		{0C96179A-72BF-44BA-85E5-EFE71AD87544}.Release|Any CPU.ActiveCfg = Release|Any CPU
		{0C96179A-72BF-44BA-85E5-EFE71AD87544}.Release|Any CPU.Build.0 = Release|Any CPU
		{4343B29E-15FB-4460-AC71-C124984EADC6}.Debug|Any CPU.ActiveCfg = Debug|Any CPU
		{4343B29E-15FB-4460-AC71-C124984EADC6}.Debug|Any CPU.Build.0 = Debug|Any CPU
		{4343B29E-15FB-4460-AC71-C124984EADC6}.Release|Any CPU.ActiveCfg = Release|Any CPU
		{4343B29E-15FB-4460-AC71-C124984EADC6}.Release|Any CPU.Build.0 = Release|Any CPU
		{4BB62732-60C7-48EE-A7E5-2F260A845069}.Debug|Any CPU.ActiveCfg = Debug|Any CPU
		{4BB62732-60C7-48EE-A7E5-2F260A845069}.Debug|Any CPU.Build.0 = Debug|Any CPU
		{4BB62732-60C7-48EE-A7E5-2F260A845069}.Release|Any CPU.ActiveCfg = Release|Any CPU
		{4BB62732-60C7-48EE-A7E5-2F260A845069}.Release|Any CPU.Build.0 = Release|Any CPU
		{4CED555A-96F1-4DC8-9632-4A1CD4985510}.Debug|Any CPU.ActiveCfg = Debug|Any CPU
		{4CED555A-96F1-4DC8-9632-4A1CD4985510}.Debug|Any CPU.Build.0 = Debug|Any CPU
		{4CED555A-96F1-4DC8-9632-4A1CD4985510}.Release|Any CPU.ActiveCfg = Release|Any CPU
		{4CED555A-96F1-4DC8-9632-4A1CD4985510}.Release|Any CPU.Build.0 = Release|Any CPU
		{72424C64-676D-436D-BA52-C9FA34172E71}.Debug|Any CPU.ActiveCfg = Debug|Any CPU
		{72424C64-676D-436D-BA52-C9FA34172E71}.Debug|Any CPU.Build.0 = Debug|Any CPU
		{72424C64-676D-436D-BA52-C9FA34172E71}.Release|Any CPU.ActiveCfg = Release|Any CPU
		{72424C64-676D-436D-BA52-C9FA34172E71}.Release|Any CPU.Build.0 = Release|Any CPU
		{4E76D239-5470-4867-B244-F755E950F8E0}.Debug|Any CPU.ActiveCfg = Debug|Any CPU
		{4E76D239-5470-4867-B244-F755E950F8E0}.Debug|Any CPU.Build.0 = Debug|Any CPU
		{4E76D239-5470-4867-B244-F755E950F8E0}.Release|Any CPU.ActiveCfg = Release|Any CPU
		{4E76D239-5470-4867-B244-F755E950F8E0}.Release|Any CPU.Build.0 = Release|Any CPU
		{EC8468C9-5595-4308-82DB-C51A6AF0E686}.Debug|Any CPU.ActiveCfg = Debug|Any CPU
		{EC8468C9-5595-4308-82DB-C51A6AF0E686}.Debug|Any CPU.Build.0 = Debug|Any CPU
		{EC8468C9-5595-4308-82DB-C51A6AF0E686}.Release|Any CPU.ActiveCfg = Release|Any CPU
		{EC8468C9-5595-4308-82DB-C51A6AF0E686}.Release|Any CPU.Build.0 = Release|Any CPU
		{9F9FCFFF-F671-4C9E-89B1-341C4D563EE5}.Debug|Any CPU.ActiveCfg = Debug|Any CPU
		{9F9FCFFF-F671-4C9E-89B1-341C4D563EE5}.Debug|Any CPU.Build.0 = Debug|Any CPU
		{9F9FCFFF-F671-4C9E-89B1-341C4D563EE5}.Release|Any CPU.ActiveCfg = Release|Any CPU
		{9F9FCFFF-F671-4C9E-89B1-341C4D563EE5}.Release|Any CPU.Build.0 = Release|Any CPU
		{B58F5125-0C2A-48A7-9ABC-C1C64ED53E1B}.Debug|Any CPU.ActiveCfg = Debug|Any CPU
		{B58F5125-0C2A-48A7-9ABC-C1C64ED53E1B}.Debug|Any CPU.Build.0 = Debug|Any CPU
		{B58F5125-0C2A-48A7-9ABC-C1C64ED53E1B}.Release|Any CPU.ActiveCfg = Release|Any CPU
		{B58F5125-0C2A-48A7-9ABC-C1C64ED53E1B}.Release|Any CPU.Build.0 = Release|Any CPU
		{EB37E9AD-DD74-4361-A391-A09521370070}.Debug|Any CPU.ActiveCfg = Debug|Any CPU
		{EB37E9AD-DD74-4361-A391-A09521370070}.Debug|Any CPU.Build.0 = Debug|Any CPU
		{EB37E9AD-DD74-4361-A391-A09521370070}.Release|Any CPU.ActiveCfg = Release|Any CPU
		{EB37E9AD-DD74-4361-A391-A09521370070}.Release|Any CPU.Build.0 = Release|Any CPU
		{4ED86144-A69A-466B-80C3-85800032B6D4}.Debug|Any CPU.ActiveCfg = Debug|Any CPU
		{4ED86144-A69A-466B-80C3-85800032B6D4}.Debug|Any CPU.Build.0 = Debug|Any CPU
		{4ED86144-A69A-466B-80C3-85800032B6D4}.Release|Any CPU.ActiveCfg = Release|Any CPU
		{4ED86144-A69A-466B-80C3-85800032B6D4}.Release|Any CPU.Build.0 = Release|Any CPU
		{C8EBD4F4-5C87-4D9D-9DD9-F623241A41FA}.Debug|Any CPU.ActiveCfg = Debug|Any CPU
		{C8EBD4F4-5C87-4D9D-9DD9-F623241A41FA}.Debug|Any CPU.Build.0 = Debug|Any CPU
		{C8EBD4F4-5C87-4D9D-9DD9-F623241A41FA}.Release|Any CPU.ActiveCfg = Release|Any CPU
		{C8EBD4F4-5C87-4D9D-9DD9-F623241A41FA}.Release|Any CPU.Build.0 = Release|Any CPU
		{6691EE51-F650-4F67-A6D2-8D54DC5C1121}.Debug|Any CPU.ActiveCfg = Debug|Any CPU
		{6691EE51-F650-4F67-A6D2-8D54DC5C1121}.Debug|Any CPU.Build.0 = Debug|Any CPU
		{6691EE51-F650-4F67-A6D2-8D54DC5C1121}.Release|Any CPU.ActiveCfg = Release|Any CPU
		{6691EE51-F650-4F67-A6D2-8D54DC5C1121}.Release|Any CPU.Build.0 = Release|Any CPU
		{4DCF3D00-88EB-45A6-8FD0-6E7854211D81}.Debug|Any CPU.ActiveCfg = Debug|Any CPU
		{4DCF3D00-88EB-45A6-8FD0-6E7854211D81}.Debug|Any CPU.Build.0 = Debug|Any CPU
		{4DCF3D00-88EB-45A6-8FD0-6E7854211D81}.Release|Any CPU.ActiveCfg = Release|Any CPU
		{4DCF3D00-88EB-45A6-8FD0-6E7854211D81}.Release|Any CPU.Build.0 = Release|Any CPU
		{1FF8ADD2-3DFB-4202-A47A-CB85797BB15A}.Debug|Any CPU.ActiveCfg = Debug|Any CPU
		{1FF8ADD2-3DFB-4202-A47A-CB85797BB15A}.Debug|Any CPU.Build.0 = Debug|Any CPU
		{1FF8ADD2-3DFB-4202-A47A-CB85797BB15A}.Release|Any CPU.ActiveCfg = Release|Any CPU
		{1FF8ADD2-3DFB-4202-A47A-CB85797BB15A}.Release|Any CPU.Build.0 = Release|Any CPU
		{F8A71B59-AA5C-46B7-A650-B7D506634BCA}.Debug|Any CPU.ActiveCfg = Debug|Any CPU
		{F8A71B59-AA5C-46B7-A650-B7D506634BCA}.Debug|Any CPU.Build.0 = Debug|Any CPU
		{F8A71B59-AA5C-46B7-A650-B7D506634BCA}.Release|Any CPU.ActiveCfg = Release|Any CPU
		{F8A71B59-AA5C-46B7-A650-B7D506634BCA}.Release|Any CPU.Build.0 = Release|Any CPU
		{D6E4AD76-88EB-45A5-ADB4-128FD64B74D8}.Debug|Any CPU.ActiveCfg = Debug|Any CPU
		{D6E4AD76-88EB-45A5-ADB4-128FD64B74D8}.Debug|Any CPU.Build.0 = Debug|Any CPU
		{D6E4AD76-88EB-45A5-ADB4-128FD64B74D8}.Release|Any CPU.ActiveCfg = Release|Any CPU
		{D6E4AD76-88EB-45A5-ADB4-128FD64B74D8}.Release|Any CPU.Build.0 = Release|Any CPU
		{265D17DC-B34F-4EFB-B7B7-ED9FB4D181B2}.Debug|Any CPU.ActiveCfg = Debug|Any CPU
		{265D17DC-B34F-4EFB-B7B7-ED9FB4D181B2}.Debug|Any CPU.Build.0 = Debug|Any CPU
		{265D17DC-B34F-4EFB-B7B7-ED9FB4D181B2}.Release|Any CPU.ActiveCfg = Release|Any CPU
		{265D17DC-B34F-4EFB-B7B7-ED9FB4D181B2}.Release|Any CPU.Build.0 = Release|Any CPU
		{29DCB69B-E92D-492B-AC3E-614EAAE5F2C1}.Debug|Any CPU.ActiveCfg = Debug|Any CPU
		{29DCB69B-E92D-492B-AC3E-614EAAE5F2C1}.Debug|Any CPU.Build.0 = Debug|Any CPU
		{29DCB69B-E92D-492B-AC3E-614EAAE5F2C1}.Release|Any CPU.ActiveCfg = Release|Any CPU
		{29DCB69B-E92D-492B-AC3E-614EAAE5F2C1}.Release|Any CPU.Build.0 = Release|Any CPU
		{703DBFF8-00B0-4DB0-ABC2-02C9DC4C0630}.Debug|Any CPU.ActiveCfg = Debug|Any CPU
		{703DBFF8-00B0-4DB0-ABC2-02C9DC4C0630}.Debug|Any CPU.Build.0 = Debug|Any CPU
		{703DBFF8-00B0-4DB0-ABC2-02C9DC4C0630}.Release|Any CPU.ActiveCfg = Release|Any CPU
		{703DBFF8-00B0-4DB0-ABC2-02C9DC4C0630}.Release|Any CPU.Build.0 = Release|Any CPU
		{C56BE45D-C959-4C69-869F-C80F2BCBEB9D}.Debug|Any CPU.ActiveCfg = Debug|Any CPU
		{C56BE45D-C959-4C69-869F-C80F2BCBEB9D}.Debug|Any CPU.Build.0 = Debug|Any CPU
		{C56BE45D-C959-4C69-869F-C80F2BCBEB9D}.Release|Any CPU.ActiveCfg = Release|Any CPU
		{C56BE45D-C959-4C69-869F-C80F2BCBEB9D}.Release|Any CPU.Build.0 = Release|Any CPU
		{93C68F24-62FA-4A50-8B31-F9A286FB7208}.Debug|Any CPU.ActiveCfg = Debug|Any CPU
		{93C68F24-62FA-4A50-8B31-F9A286FB7208}.Debug|Any CPU.Build.0 = Debug|Any CPU
		{93C68F24-62FA-4A50-8B31-F9A286FB7208}.Release|Any CPU.ActiveCfg = Release|Any CPU
		{93C68F24-62FA-4A50-8B31-F9A286FB7208}.Release|Any CPU.Build.0 = Release|Any CPU
		{DDBA11FB-3656-4A55-9595-E8E5AC8FC145}.Debug|Any CPU.ActiveCfg = Debug|Any CPU
		{DDBA11FB-3656-4A55-9595-E8E5AC8FC145}.Debug|Any CPU.Build.0 = Debug|Any CPU
		{DDBA11FB-3656-4A55-9595-E8E5AC8FC145}.Release|Any CPU.ActiveCfg = Release|Any CPU
		{DDBA11FB-3656-4A55-9595-E8E5AC8FC145}.Release|Any CPU.Build.0 = Release|Any CPU
		{2F527D0F-3725-4A49-B23B-FD00A69ABA6C}.Debug|Any CPU.ActiveCfg = Debug|Any CPU
		{2F527D0F-3725-4A49-B23B-FD00A69ABA6C}.Debug|Any CPU.Build.0 = Debug|Any CPU
		{2F527D0F-3725-4A49-B23B-FD00A69ABA6C}.Release|Any CPU.ActiveCfg = Release|Any CPU
		{2F527D0F-3725-4A49-B23B-FD00A69ABA6C}.Release|Any CPU.Build.0 = Release|Any CPU
		{CB959052-D5CB-4A53-A74D-C4B0FFA85BB5}.Debug|Any CPU.ActiveCfg = Debug|Any CPU
		{CB959052-D5CB-4A53-A74D-C4B0FFA85BB5}.Debug|Any CPU.Build.0 = Debug|Any CPU
		{CB959052-D5CB-4A53-A74D-C4B0FFA85BB5}.Release|Any CPU.ActiveCfg = Release|Any CPU
		{CB959052-D5CB-4A53-A74D-C4B0FFA85BB5}.Release|Any CPU.Build.0 = Release|Any CPU
		{36962043-13D0-4AC0-8C41-945B83EA4FA6}.Debug|Any CPU.ActiveCfg = Debug|Any CPU
		{36962043-13D0-4AC0-8C41-945B83EA4FA6}.Debug|Any CPU.Build.0 = Debug|Any CPU
		{36962043-13D0-4AC0-8C41-945B83EA4FA6}.Release|Any CPU.ActiveCfg = Release|Any CPU
		{36962043-13D0-4AC0-8C41-945B83EA4FA6}.Release|Any CPU.Build.0 = Release|Any CPU
		{0DD5D438-67B5-47D1-97CC-7F90E4427D72}.Debug|Any CPU.ActiveCfg = Debug|Any CPU
		{0DD5D438-67B5-47D1-97CC-7F90E4427D72}.Debug|Any CPU.Build.0 = Debug|Any CPU
		{0DD5D438-67B5-47D1-97CC-7F90E4427D72}.Release|Any CPU.ActiveCfg = Release|Any CPU
		{0DD5D438-67B5-47D1-97CC-7F90E4427D72}.Release|Any CPU.Build.0 = Release|Any CPU
		{F314C0EE-99BE-4AC8-B475-E57651695B75}.Debug|Any CPU.ActiveCfg = Debug|Any CPU
		{F314C0EE-99BE-4AC8-B475-E57651695B75}.Debug|Any CPU.Build.0 = Debug|Any CPU
		{F314C0EE-99BE-4AC8-B475-E57651695B75}.Release|Any CPU.ActiveCfg = Release|Any CPU
		{F314C0EE-99BE-4AC8-B475-E57651695B75}.Release|Any CPU.Build.0 = Release|Any CPU
		{B09FA7C0-E3C2-4DDD-A7CC-8D7046A1041A}.Debug|Any CPU.ActiveCfg = Debug|Any CPU
		{B09FA7C0-E3C2-4DDD-A7CC-8D7046A1041A}.Debug|Any CPU.Build.0 = Debug|Any CPU
		{B09FA7C0-E3C2-4DDD-A7CC-8D7046A1041A}.Release|Any CPU.ActiveCfg = Release|Any CPU
		{B09FA7C0-E3C2-4DDD-A7CC-8D7046A1041A}.Release|Any CPU.Build.0 = Release|Any CPU
		{FF209615-EDCA-462F-8F61-D3B1E31EC38D}.Debug|Any CPU.ActiveCfg = Debug|Any CPU
		{FF209615-EDCA-462F-8F61-D3B1E31EC38D}.Debug|Any CPU.Build.0 = Debug|Any CPU
		{FF209615-EDCA-462F-8F61-D3B1E31EC38D}.Release|Any CPU.ActiveCfg = Release|Any CPU
		{FF209615-EDCA-462F-8F61-D3B1E31EC38D}.Release|Any CPU.Build.0 = Release|Any CPU
		{CAFC94DC-FF71-4DE3-97FF-8DBC0D001C2B}.Debug|Any CPU.ActiveCfg = Debug|Any CPU
		{CAFC94DC-FF71-4DE3-97FF-8DBC0D001C2B}.Debug|Any CPU.Build.0 = Debug|Any CPU
		{CAFC94DC-FF71-4DE3-97FF-8DBC0D001C2B}.Release|Any CPU.ActiveCfg = Release|Any CPU
		{CAFC94DC-FF71-4DE3-97FF-8DBC0D001C2B}.Release|Any CPU.Build.0 = Release|Any CPU
		{5C847B2C-0971-4D78-A81C-47E51DAAFE4F}.Debug|Any CPU.ActiveCfg = Debug|Any CPU
		{5C847B2C-0971-4D78-A81C-47E51DAAFE4F}.Debug|Any CPU.Build.0 = Debug|Any CPU
		{5C847B2C-0971-4D78-A81C-47E51DAAFE4F}.Release|Any CPU.ActiveCfg = Release|Any CPU
		{5C847B2C-0971-4D78-A81C-47E51DAAFE4F}.Release|Any CPU.Build.0 = Release|Any CPU
		{D84CF79B-A3E0-49F9-AD67-488B4379BC49}.Debug|Any CPU.ActiveCfg = Debug|Any CPU
		{D84CF79B-A3E0-49F9-AD67-488B4379BC49}.Debug|Any CPU.Build.0 = Debug|Any CPU
		{D84CF79B-A3E0-49F9-AD67-488B4379BC49}.Release|Any CPU.ActiveCfg = Release|Any CPU
		{D84CF79B-A3E0-49F9-AD67-488B4379BC49}.Release|Any CPU.Build.0 = Release|Any CPU
		{E883E0CE-608F-4362-A01A-446CAD294B5E}.Debug|Any CPU.ActiveCfg = Debug|Any CPU
		{E883E0CE-608F-4362-A01A-446CAD294B5E}.Debug|Any CPU.Build.0 = Debug|Any CPU
		{E883E0CE-608F-4362-A01A-446CAD294B5E}.Release|Any CPU.ActiveCfg = Release|Any CPU
		{E883E0CE-608F-4362-A01A-446CAD294B5E}.Release|Any CPU.Build.0 = Release|Any CPU
		{74932A55-7584-446B-8290-94E0C7A9F54D}.Debug|Any CPU.ActiveCfg = Debug|Any CPU
		{74932A55-7584-446B-8290-94E0C7A9F54D}.Debug|Any CPU.Build.0 = Debug|Any CPU
		{74932A55-7584-446B-8290-94E0C7A9F54D}.Release|Any CPU.ActiveCfg = Release|Any CPU
		{74932A55-7584-446B-8290-94E0C7A9F54D}.Release|Any CPU.Build.0 = Release|Any CPU
		{AD229FB6-8D8B-4209-9FBD-BF5ADE95C921}.Debug|Any CPU.ActiveCfg = Debug|Any CPU
		{AD229FB6-8D8B-4209-9FBD-BF5ADE95C921}.Debug|Any CPU.Build.0 = Debug|Any CPU
		{AD229FB6-8D8B-4209-9FBD-BF5ADE95C921}.Release|Any CPU.ActiveCfg = Release|Any CPU
		{AD229FB6-8D8B-4209-9FBD-BF5ADE95C921}.Release|Any CPU.Build.0 = Release|Any CPU
		{13365845-2DBF-4143-BF0F-AD01382F9F19}.Debug|Any CPU.ActiveCfg = Debug|Any CPU
		{13365845-2DBF-4143-BF0F-AD01382F9F19}.Debug|Any CPU.Build.0 = Debug|Any CPU
		{13365845-2DBF-4143-BF0F-AD01382F9F19}.Release|Any CPU.ActiveCfg = Release|Any CPU
		{13365845-2DBF-4143-BF0F-AD01382F9F19}.Release|Any CPU.Build.0 = Release|Any CPU
		{115F324E-C1FC-4C54-9662-A08BE27E637D}.Debug|Any CPU.ActiveCfg = Debug|Any CPU
		{115F324E-C1FC-4C54-9662-A08BE27E637D}.Debug|Any CPU.Build.0 = Debug|Any CPU
		{115F324E-C1FC-4C54-9662-A08BE27E637D}.Release|Any CPU.ActiveCfg = Release|Any CPU
		{115F324E-C1FC-4C54-9662-A08BE27E637D}.Release|Any CPU.Build.0 = Release|Any CPU
		{FE7F30A2-5EE6-4F26-A525-34FB28D8195D}.Debug|Any CPU.ActiveCfg = Debug|Any CPU
		{FE7F30A2-5EE6-4F26-A525-34FB28D8195D}.Debug|Any CPU.Build.0 = Debug|Any CPU
		{FE7F30A2-5EE6-4F26-A525-34FB28D8195D}.Release|Any CPU.ActiveCfg = Release|Any CPU
		{FE7F30A2-5EE6-4F26-A525-34FB28D8195D}.Release|Any CPU.Build.0 = Release|Any CPU
	EndGlobalSection
	GlobalSection(SolutionProperties) = preSolution
		HideSolutionNode = FALSE
	EndGlobalSection
	GlobalSection(NestedProjects) = preSolution
		{4CED555A-96F1-4DC8-9632-4A1CD4985510} = {3C246579-C520-4BC8-8D46-869CE1D9B99E}
		{72424C64-676D-436D-BA52-C9FA34172E71} = {3C246579-C520-4BC8-8D46-869CE1D9B99E}
		{9F9FCFFF-F671-4C9E-89B1-341C4D563EE5} = {3C246579-C520-4BC8-8D46-869CE1D9B99E}
		{B58F5125-0C2A-48A7-9ABC-C1C64ED53E1B} = {3C246579-C520-4BC8-8D46-869CE1D9B99E}
		{EB37E9AD-DD74-4361-A391-A09521370070} = {3C246579-C520-4BC8-8D46-869CE1D9B99E}
		{4ED86144-A69A-466B-80C3-85800032B6D4} = {3C246579-C520-4BC8-8D46-869CE1D9B99E}
		{C8EBD4F4-5C87-4D9D-9DD9-F623241A41FA} = {3C246579-C520-4BC8-8D46-869CE1D9B99E}
		{4DCF3D00-88EB-45A6-8FD0-6E7854211D81} = {183DC8DF-6F21-4999-86D0-9A1913310F55}
		{1FF8ADD2-3DFB-4202-A47A-CB85797BB15A} = {71D633FC-91E8-4C0B-9F1E-E03E127BDA25}
		{F8A71B59-AA5C-46B7-A650-B7D506634BCA} = {71D633FC-91E8-4C0B-9F1E-E03E127BDA25}
		{265D17DC-B34F-4EFB-B7B7-ED9FB4D181B2} = {FAE01675-7EEE-445D-81FC-DC6364D160AD}
		{29DCB69B-E92D-492B-AC3E-614EAAE5F2C1} = {FAE01675-7EEE-445D-81FC-DC6364D160AD}
		{703DBFF8-00B0-4DB0-ABC2-02C9DC4C0630} = {FAE01675-7EEE-445D-81FC-DC6364D160AD}
		{C56BE45D-C959-4C69-869F-C80F2BCBEB9D} = {FAE01675-7EEE-445D-81FC-DC6364D160AD}
		{DDBA11FB-3656-4A55-9595-E8E5AC8FC145} = {FAE01675-7EEE-445D-81FC-DC6364D160AD}
		{2F527D0F-3725-4A49-B23B-FD00A69ABA6C} = {1421FA76-1536-4829-B9D3-C94E926FE8B3}
		{CB959052-D5CB-4A53-A74D-C4B0FFA85BB5} = {518C84FE-5F56-4232-BC7D-3CDDD558E784}
		{36962043-13D0-4AC0-8C41-945B83EA4FA6} = {9EC93B4F-97DD-4B40-9ADA-AC58AB3D18DE}
		{0DD5D438-67B5-47D1-97CC-7F90E4427D72} = {FAE01675-7EEE-445D-81FC-DC6364D160AD}
		{F314C0EE-99BE-4AC8-B475-E57651695B75} = {FAE01675-7EEE-445D-81FC-DC6364D160AD}
		{B09FA7C0-E3C2-4DDD-A7CC-8D7046A1041A} = {FAE01675-7EEE-445D-81FC-DC6364D160AD}
		{FF209615-EDCA-462F-8F61-D3B1E31EC38D} = {FAE01675-7EEE-445D-81FC-DC6364D160AD}
		{CAFC94DC-FF71-4DE3-97FF-8DBC0D001C2B} = {FAE01675-7EEE-445D-81FC-DC6364D160AD}
		{EE7FC863-5F38-4D0D-8170-189D9821B369} = {FAE01675-7EEE-445D-81FC-DC6364D160AD}
		{5C847B2C-0971-4D78-A81C-47E51DAAFE4F} = {EE7FC863-5F38-4D0D-8170-189D9821B369}
		{D84CF79B-A3E0-49F9-AD67-488B4379BC49} = {EE7FC863-5F38-4D0D-8170-189D9821B369}
		{E883E0CE-608F-4362-A01A-446CAD294B5E} = {EE7FC863-5F38-4D0D-8170-189D9821B369}
		{74932A55-7584-446B-8290-94E0C7A9F54D} = {FAE01675-7EEE-445D-81FC-DC6364D160AD}
		{AD229FB6-8D8B-4209-9FBD-BF5ADE95C921} = {EE7FC863-5F38-4D0D-8170-189D9821B369}
		{13365845-2DBF-4143-BF0F-AD01382F9F19} = {FAE01675-7EEE-445D-81FC-DC6364D160AD}
		{115F324E-C1FC-4C54-9662-A08BE27E637D} = {EE7FC863-5F38-4D0D-8170-189D9821B369}
		{FE7F30A2-5EE6-4F26-A525-34FB28D8195D} = {FAE01675-7EEE-445D-81FC-DC6364D160AD}
	EndGlobalSection
	GlobalSection(ExtensibilityGlobals) = postSolution
		SolutionGuid = {C03FED31-47C8-4D1D-BCF5-C77EFDBA54AE}
	EndGlobalSection
EndGlobal
